// !$*UTF8*$!
{
	archiveVersion = 1;
	classes = {
	};
	objectVersion = 56;
	objects = {

/* Begin PBXBuildFile section */
		DEA45D2F2BDB0C57001D5960 /* RealityKitContent in Frameworks */ = {isa = PBXBuildFile; productRef = DEA45D2E2BDB0C57001D5960 /* RealityKitContent */; };
		DEA45D312BDB0C57001D5960 /* CosmonautSuit3DExperiencesApp.swift in Sources */ = {isa = PBXBuildFile; fileRef = DEA45D302BDB0C57001D5960 /* CosmonautSuit3DExperiencesApp.swift */; };
		DEA45D332BDB0C57001D5960 /* ContentView.swift in Sources */ = {isa = PBXBuildFile; fileRef = DEA45D322BDB0C57001D5960 /* ContentView.swift */; };
		DEA45D352BDB0C58001D5960 /* Assets.xcassets in Resources */ = {isa = PBXBuildFile; fileRef = DEA45D342BDB0C58001D5960 /* Assets.xcassets */; };
		DEA45D382BDB0C58001D5960 /* Preview Assets.xcassets in Resources */ = {isa = PBXBuildFile; fileRef = DEA45D372BDB0C58001D5960 /* Preview Assets.xcassets */; };
		DEA45D422BDB1039001D5960 /* AstraunoutExperience.swift in Sources */ = {isa = PBXBuildFile; fileRef = DEA45D412BDB1039001D5960 /* AstraunoutExperience.swift */; };
/* End PBXBuildFile section */

/* Begin PBXFileReference section */
		DEA45D292BDB0C57001D5960 /* CosmonautSuit3DExperiences.app */ = {isa = PBXFileReference; explicitFileType = wrapper.application; includeInIndex = 0; path = CosmonautSuit3DExperiences.app; sourceTree = BUILT_PRODUCTS_DIR; };
		DEA45D2D2BDB0C57001D5960 /* RealityKitContent */ = {isa = PBXFileReference; lastKnownFileType = wrapper; path = RealityKitContent; sourceTree = "<group>"; };
		DEA45D302BDB0C57001D5960 /* CosmonautSuit3DExperiencesApp.swift */ = {isa = PBXFileReference; lastKnownFileType = sourcecode.swift; path = CosmonautSuit3DExperiencesApp.swift; sourceTree = "<group>"; };
		DEA45D322BDB0C57001D5960 /* ContentView.swift */ = {isa = PBXFileReference; lastKnownFileType = sourcecode.swift; path = ContentView.swift; sourceTree = "<group>"; };
		DEA45D342BDB0C58001D5960 /* Assets.xcassets */ = {isa = PBXFileReference; lastKnownFileType = folder.assetcatalog; path = Assets.xcassets; sourceTree = "<group>"; };
		DEA45D372BDB0C58001D5960 /* Preview Assets.xcassets */ = {isa = PBXFileReference; lastKnownFileType = folder.assetcatalog; path = "Preview Assets.xcassets"; sourceTree = "<group>"; };
		DEA45D392BDB0C58001D5960 /* Info.plist */ = {isa = PBXFileReference; lastKnownFileType = text.plist.xml; path = Info.plist; sourceTree = "<group>"; };
		DEA45D3F2BDB0F31001D5960 /* CosmonautSuit.reality */ = {isa = PBXFileReference; lastKnownFileType = file; path = CosmonautSuit.reality; sourceTree = "<group>"; };
		DEA45D412BDB1039001D5960 /* AstraunoutExperience.swift */ = {isa = PBXFileReference; lastKnownFileType = sourcecode.swift; path = AstraunoutExperience.swift; sourceTree = "<group>"; };
/* End PBXFileReference section */

/* Begin PBXFrameworksBuildPhase section */
		DEA45D262BDB0C57001D5960 /* Frameworks */ = {
			isa = PBXFrameworksBuildPhase;
			buildActionMask = 2147483647;
			files = (
				DEA45D2F2BDB0C57001D5960 /* RealityKitContent in Frameworks */,
			);
			runOnlyForDeploymentPostprocessing = 0;
		};
/* End PBXFrameworksBuildPhase section */

/* Begin PBXGroup section */
		DEA45D202BDB0C56001D5960 = {
			isa = PBXGroup;
			children = (
				DEA45D2B2BDB0C57001D5960 /* CosmonautSuit3DExperiences */,
				DEA45D2C2BDB0C57001D5960 /* Packages */,
				DEA45D2A2BDB0C57001D5960 /* Products */,
			);
			sourceTree = "<group>";
		};
		DEA45D2A2BDB0C57001D5960 /* Products */ = {
			isa = PBXGroup;
			children = (
				DEA45D292BDB0C57001D5960 /* CosmonautSuit3DExperiences.app */,
			);
			name = Products;
			sourceTree = "<group>";
		};
		DEA45D2B2BDB0C57001D5960 /* CosmonautSuit3DExperiences */ = {
			isa = PBXGroup;
			children = (
				DEA45D3F2BDB0F31001D5960 /* CosmonautSuit.reality */,
				DEA45D402BDB101D001D5960 /* Views */,
				DEA45D302BDB0C57001D5960 /* CosmonautSuit3DExperiencesApp.swift */,
				DEA45D342BDB0C58001D5960 /* Assets.xcassets */,
				DEA45D392BDB0C58001D5960 /* Info.plist */,
				DEA45D362BDB0C58001D5960 /* Preview Content */,
			);
			path = CosmonautSuit3DExperiences;
			sourceTree = "<group>";
		};
		DEA45D2C2BDB0C57001D5960 /* Packages */ = {
			isa = PBXGroup;
			children = (
				DEA45D2D2BDB0C57001D5960 /* RealityKitContent */,
			);
			path = Packages;
			sourceTree = "<group>";
		};
		DEA45D362BDB0C58001D5960 /* Preview Content */ = {
			isa = PBXGroup;
			children = (
				DEA45D372BDB0C58001D5960 /* Preview Assets.xcassets */,
			);
			path = "Preview Content";
			sourceTree = "<group>";
		};
		DEA45D402BDB101D001D5960 /* Views */ = {
			isa = PBXGroup;
			children = (
				DEA45D412BDB1039001D5960 /* AstraunoutExperience.swift */,
				DEA45D322BDB0C57001D5960 /* ContentView.swift */,
			);
			path = Views;
			sourceTree = "<group>";
		};
/* End PBXGroup section */

/* Begin PBXNativeTarget section */
		DEA45D282BDB0C57001D5960 /* CosmonautSuit3DExperiences */ = {
			isa = PBXNativeTarget;
			buildConfigurationList = DEA45D3C2BDB0C58001D5960 /* Build configuration list for PBXNativeTarget "CosmonautSuit3DExperiences" */;
			buildPhases = (
				DEA45D252BDB0C57001D5960 /* Sources */,
				DEA45D262BDB0C57001D5960 /* Frameworks */,
				DEA45D272BDB0C57001D5960 /* Resources */,
			);
			buildRules = (
			);
			dependencies = (
			);
			name = CosmonautSuit3DExperiences;
			packageProductDependencies = (
				DEA45D2E2BDB0C57001D5960 /* RealityKitContent */,
			);
			productName = CosmonautSuit3DExperiences;
			productReference = DEA45D292BDB0C57001D5960 /* CosmonautSuit3DExperiences.app */;
			productType = "com.apple.product-type.application";
		};
/* End PBXNativeTarget section */

/* Begin PBXProject section */
		DEA45D212BDB0C56001D5960 /* Project object */ = {
			isa = PBXProject;
			attributes = {
				BuildIndependentTargetsInParallel = 1;
				LastSwiftUpdateCheck = 1540;
				LastUpgradeCheck = 1540;
				TargetAttributes = {
					DEA45D282BDB0C57001D5960 = {
						CreatedOnToolsVersion = 15.4;
					};
				};
			};
			buildConfigurationList = DEA45D242BDB0C56001D5960 /* Build configuration list for PBXProject "CosmonautSuit3DExperiences" */;
			compatibilityVersion = "Xcode 14.0";
			developmentRegion = en;
			hasScannedForEncodings = 0;
			knownRegions = (
				en,
				Base,
			);
			mainGroup = DEA45D202BDB0C56001D5960;
			productRefGroup = DEA45D2A2BDB0C57001D5960 /* Products */;
			projectDirPath = "";
			projectRoot = "";
			targets = (
				DEA45D282BDB0C57001D5960 /* CosmonautSuit3DExperiences */,
			);
		};
/* End PBXProject section */

/* Begin PBXResourcesBuildPhase section */
		DEA45D272BDB0C57001D5960 /* Resources */ = {
			isa = PBXResourcesBuildPhase;
			buildActionMask = 2147483647;
			files = (
				DEA45D382BDB0C58001D5960 /* Preview Assets.xcassets in Resources */,
				DEA45D352BDB0C58001D5960 /* Assets.xcassets in Resources */,
			);
			runOnlyForDeploymentPostprocessing = 0;
		};
/* End PBXResourcesBuildPhase section */

/* Begin PBXSourcesBuildPhase section */
		DEA45D252BDB0C57001D5960 /* Sources */ = {
			isa = PBXSourcesBuildPhase;
			buildActionMask = 2147483647;
			files = (
				DEA45D422BDB1039001D5960 /* AstraunoutExperience.swift in Sources */,
				DEA45D332BDB0C57001D5960 /* ContentView.swift in Sources */,
				DEA45D312BDB0C57001D5960 /* CosmonautSuit3DExperiencesApp.swift in Sources */,
			);
			runOnlyForDeploymentPostprocessing = 0;
		};
/* End PBXSourcesBuildPhase section */

/* Begin XCBuildConfiguration section */
		DEA45D3A2BDB0C58001D5960 /* Debug */ = {
			isa = XCBuildConfiguration;
			buildSettings = {
				ALWAYS_SEARCH_USER_PATHS = NO;
				ASSETCATALOG_COMPILER_GENERATE_SWIFT_ASSET_SYMBOL_EXTENSIONS = YES;
				CLANG_ANALYZER_NONNULL = YES;
				CLANG_ANALYZER_NUMBER_OBJECT_CONVERSION = YES_AGGRESSIVE;
				CLANG_CXX_LANGUAGE_STANDARD = "gnu++20";
				CLANG_ENABLE_MODULES = YES;
				CLANG_ENABLE_OBJC_ARC = YES;
				CLANG_ENABLE_OBJC_WEAK = YES;
				CLANG_WARN_BLOCK_CAPTURE_AUTORELEASING = YES;
				CLANG_WARN_BOOL_CONVERSION = YES;
				CLANG_WARN_COMMA = YES;
				CLANG_WARN_CONSTANT_CONVERSION = YES;
				CLANG_WARN_DEPRECATED_OBJC_IMPLEMENTATIONS = YES;
				CLANG_WARN_DIRECT_OBJC_ISA_USAGE = YES_ERROR;
				CLANG_WARN_DOCUMENTATION_COMMENTS = YES;
				CLANG_WARN_EMPTY_BODY = YES;
				CLANG_WARN_ENUM_CONVERSION = YES;
				CLANG_WARN_INFINITE_RECURSION = YES;
				CLANG_WARN_INT_CONVERSION = YES;
				CLANG_WARN_NON_LITERAL_NULL_CONVERSION = YES;
				CLANG_WARN_OBJC_IMPLICIT_RETAIN_SELF = YES;
				CLANG_WARN_OBJC_LITERAL_CONVERSION = YES;
				CLANG_WARN_OBJC_ROOT_CLASS = YES_ERROR;
				CLANG_WARN_QUOTED_INCLUDE_IN_FRAMEWORK_HEADER = YES;
				CLANG_WARN_RANGE_LOOP_ANALYSIS = YES;
				CLANG_WARN_STRICT_PROTOTYPES = YES;
				CLANG_WARN_SUSPICIOUS_MOVE = YES;
				CLANG_WARN_UNGUARDED_AVAILABILITY = YES_AGGRESSIVE;
				CLANG_WARN_UNREACHABLE_CODE = YES;
				CLANG_WARN__DUPLICATE_METHOD_MATCH = YES;
				COPY_PHASE_STRIP = NO;
				DEBUG_INFORMATION_FORMAT = dwarf;
				ENABLE_STRICT_OBJC_MSGSEND = YES;
				ENABLE_TESTABILITY = YES;
				ENABLE_USER_SCRIPT_SANDBOXING = YES;
				GCC_C_LANGUAGE_STANDARD = gnu17;
				GCC_DYNAMIC_NO_PIC = NO;
				GCC_NO_COMMON_BLOCKS = YES;
				GCC_OPTIMIZATION_LEVEL = 0;
				GCC_PREPROCESSOR_DEFINITIONS = (
					"DEBUG=1",
					"$(inherited)",
				);
				GCC_WARN_64_TO_32_BIT_CONVERSION = YES;
				GCC_WARN_ABOUT_RETURN_TYPE = YES_ERROR;
				GCC_WARN_UNDECLARED_SELECTOR = YES;
				GCC_WARN_UNINITIALIZED_AUTOS = YES_AGGRESSIVE;
				GCC_WARN_UNUSED_FUNCTION = YES;
				GCC_WARN_UNUSED_VARIABLE = YES;
				LOCALIZATION_PREFERS_STRING_CATALOGS = YES;
				MTL_ENABLE_DEBUG_INFO = INCLUDE_SOURCE;
				MTL_FAST_MATH = YES;
				ONLY_ACTIVE_ARCH = YES;
				SDKROOT = xros;
				SWIFT_ACTIVE_COMPILATION_CONDITIONS = "DEBUG $(inherited)";
				SWIFT_OPTIMIZATION_LEVEL = "-Onone";
				XROS_DEPLOYMENT_TARGET = 1.2;
			};
			name = Debug;
		};
		DEA45D3B2BDB0C58001D5960 /* Release */ = {
			isa = XCBuildConfiguration;
			buildSettings = {
				ALWAYS_SEARCH_USER_PATHS = NO;
				ASSETCATALOG_COMPILER_GENERATE_SWIFT_ASSET_SYMBOL_EXTENSIONS = YES;
				CLANG_ANALYZER_NONNULL = YES;
				CLANG_ANALYZER_NUMBER_OBJECT_CONVERSION = YES_AGGRESSIVE;
				CLANG_CXX_LANGUAGE_STANDARD = "gnu++20";
				CLANG_ENABLE_MODULES = YES;
				CLANG_ENABLE_OBJC_ARC = YES;
				CLANG_ENABLE_OBJC_WEAK = YES;
				CLANG_WARN_BLOCK_CAPTURE_AUTORELEASING = YES;
				CLANG_WARN_BOOL_CONVERSION = YES;
				CLANG_WARN_COMMA = YES;
				CLANG_WARN_CONSTANT_CONVERSION = YES;
				CLANG_WARN_DEPRECATED_OBJC_IMPLEMENTATIONS = YES;
				CLANG_WARN_DIRECT_OBJC_ISA_USAGE = YES_ERROR;
				CLANG_WARN_DOCUMENTATION_COMMENTS = YES;
				CLANG_WARN_EMPTY_BODY = YES;
				CLANG_WARN_ENUM_CONVERSION = YES;
				CLANG_WARN_INFINITE_RECURSION = YES;
				CLANG_WARN_INT_CONVERSION = YES;
				CLANG_WARN_NON_LITERAL_NULL_CONVERSION = YES;
				CLANG_WARN_OBJC_IMPLICIT_RETAIN_SELF = YES;
				CLANG_WARN_OBJC_LITERAL_CONVERSION = YES;
				CLANG_WARN_OBJC_ROOT_CLASS = YES_ERROR;
				CLANG_WARN_QUOTED_INCLUDE_IN_FRAMEWORK_HEADER = YES;
				CLANG_WARN_RANGE_LOOP_ANALYSIS = YES;
				CLANG_WARN_STRICT_PROTOTYPES = YES;
				CLANG_WARN_SUSPICIOUS_MOVE = YES;
				CLANG_WARN_UNGUARDED_AVAILABILITY = YES_AGGRESSIVE;
				CLANG_WARN_UNREACHABLE_CODE = YES;
				CLANG_WARN__DUPLICATE_METHOD_MATCH = YES;
				COPY_PHASE_STRIP = NO;
				DEBUG_INFORMATION_FORMAT = "dwarf-with-dsym";
				ENABLE_NS_ASSERTIONS = NO;
				ENABLE_STRICT_OBJC_MSGSEND = YES;
				ENABLE_USER_SCRIPT_SANDBOXING = YES;
				GCC_C_LANGUAGE_STANDARD = gnu17;
				GCC_NO_COMMON_BLOCKS = YES;
				GCC_WARN_64_TO_32_BIT_CONVERSION = YES;
				GCC_WARN_ABOUT_RETURN_TYPE = YES_ERROR;
				GCC_WARN_UNDECLARED_SELECTOR = YES;
				GCC_WARN_UNINITIALIZED_AUTOS = YES_AGGRESSIVE;
				GCC_WARN_UNUSED_FUNCTION = YES;
				GCC_WARN_UNUSED_VARIABLE = YES;
				LOCALIZATION_PREFERS_STRING_CATALOGS = YES;
				MTL_ENABLE_DEBUG_INFO = NO;
				MTL_FAST_MATH = YES;
				SDKROOT = xros;
				SWIFT_COMPILATION_MODE = wholemodule;
				VALIDATE_PRODUCT = YES;
				XROS_DEPLOYMENT_TARGET = 1.2;
			};
			name = Release;
		};
		DEA45D3D2BDB0C58001D5960 /* Debug */ = {
			isa = XCBuildConfiguration;
			buildSettings = {
				ASSETCATALOG_COMPILER_APPICON_NAME = AppIcon;
				ASSETCATALOG_COMPILER_GLOBAL_ACCENT_COLOR_NAME = AccentColor;
				CODE_SIGN_STYLE = Automatic;
				CURRENT_PROJECT_VERSION = 1;
				DEVELOPMENT_ASSET_PATHS = "\"CosmonautSuit3DExperiences/Preview Content\"";
				DEVELOPMENT_TEAM = 647HAPRW76;
				ENABLE_PREVIEWS = YES;
				GENERATE_INFOPLIST_FILE = YES;
				INFOPLIST_FILE = "$(TARGET_NAME)/Info.plist";
				LD_RUNPATH_SEARCH_PATHS = (
					"$(inherited)",
					"@executable_path/Frameworks",
				);
				MARKETING_VERSION = 1.0;
				PRODUCT_BUNDLE_IDENTIFIER = com.mirai.CosmonautSuit3DExperiences;
				PRODUCT_NAME = "$(TARGET_NAME)";
				SUPPORTED_PLATFORMS = "xros xrsimulator";
				SWIFT_EMIT_LOC_STRINGS = YES;
				SWIFT_VERSION = 5.0;
				TARGETED_DEVICE_FAMILY = "1,2,7";
			};
			name = Debug;
		};
		DEA45D3E2BDB0C58001D5960 /* Release */ = {
			isa = XCBuildConfiguration;
			buildSettings = {
				ASSETCATALOG_COMPILER_APPICON_NAME = AppIcon;
				ASSETCATALOG_COMPILER_GLOBAL_ACCENT_COLOR_NAME = AccentColor;
				CODE_SIGN_STYLE = Automatic;
				CURRENT_PROJECT_VERSION = 1;
				DEVELOPMENT_ASSET_PATHS = "\"CosmonautSuit3DExperiences/Preview Content\"";
				DEVELOPMENT_TEAM = 647HAPRW76;
				ENABLE_PREVIEWS = YES;
				GENERATE_INFOPLIST_FILE = YES;
				INFOPLIST_FILE = "$(TARGET_NAME)/Info.plist";
				LD_RUNPATH_SEARCH_PATHS = (
					"$(inherited)",
					"@executable_path/Frameworks",
				);
				MARKETING_VERSION = 1.0;
				PRODUCT_BUNDLE_IDENTIFIER = com.mirai.CosmonautSuit3DExperiences;
				PRODUCT_NAME = "$(TARGET_NAME)";
				SUPPORTED_PLATFORMS = "xros xrsimulator";
				SWIFT_EMIT_LOC_STRINGS = YES;
				SWIFT_VERSION = 5.0;
				TARGETED_DEVICE_FAMILY = "1,2,7";
			};
			name = Release;
		};
/* End XCBuildConfiguration section */

/* Begin XCConfigurationList section */
		DEA45D242BDB0C56001D5960 /* Build configuration list for PBXProject "CosmonautSuit3DExperiences" */ = {
			isa = XCConfigurationList;
			buildConfigurations = (
				DEA45D3A2BDB0C58001D5960 /* Debug */,
				DEA45D3B2BDB0C58001D5960 /* Release */,
			);
			defaultConfigurationIsVisible = 0;
			defaultConfigurationName = Release;
		};
		DEA45D3C2BDB0C58001D5960 /* Build configuration list for PBXNativeTarget "CosmonautSuit3DExperiences" */ = {
			isa = XCConfigurationList;
			buildConfigurations = (
				DEA45D3D2BDB0C58001D5960 /* Debug */,
				DEA45D3E2BDB0C58001D5960 /* Release */,
			);
			defaultConfigurationIsVisible = 0;
			defaultConfigurationName = Release;
		};
/* End XCConfigurationList section */

/* Begin XCSwiftPackageProductDependency section */
		DEA45D2E2BDB0C57001D5960 /* RealityKitContent */ = {
			isa = XCSwiftPackageProductDependency;
			productName = RealityKitContent;
		};
/* End XCSwiftPackageProductDependency section */
	};
	rootObject = DEA45D212BDB0C56001D5960 /* Project object */;
}
